
Microsoft Visual Studio Solution File, Format Version 12.00
# Visual Studio 15
VisualStudioVersion = 15.0.28307.779
MinimumVisualStudioVersion = 10.0.40219.1
Project("{9A19103F-16F7-4668-BE54-9A1E7A4F7556}") = "Example01", "Example01\Example01.csproj", "{E0FA9B8E-1260-42FE-94F6-166B5E8C742B}"
EndProject
Project("{FAE04EC0-301F-11D3-BF4B-00C04F79EFBC}") = "TestCreate", "TestCreate\TestCreate.csproj", "{DE4BB3D7-5FF1-49B1-96BB-0E17D7F1C21A}"
EndProject
Global
	GlobalSection(SolutionConfigurationPlatforms) = preSolution
		Debug|Any CPU = Debug|Any CPU
		Release|Any CPU = Release|Any CPU
	EndGlobalSection
	GlobalSection(ProjectConfigurationPlatforms) = postSolution
		{E0FA9B8E-1260-42FE-94F6-166B5E8C742B}.Debug|Any CPU.ActiveCfg = Debug|Any CPU
		{E0FA9B8E-1260-42FE-94F6-166B5E8C742B}.Debug|Any CPU.Build.0 = Debug|Any CPU
		{E0FA9B8E-1260-42FE-94F6-166B5E8C742B}.Release|Any CPU.ActiveCfg = Release|Any CPU
		{E0FA9B8E-1260-42FE-94F6-166B5E8C742B}.Release|Any CPU.Build.0 = Release|Any CPU
		{DE4BB3D7-5FF1-49B1-96BB-0E17D7F1C21A}.Debug|Any CPU.ActiveCfg = Debug|Any CPU
		{DE4BB3D7-5FF1-49B1-96BB-0E17D7F1C21A}.Debug|Any CPU.Build.0 = Debug|Any CPU
		{DE4BB3D7-5FF1-49B1-96BB-0E17D7F1C21A}.Release|Any CPU.ActiveCfg = Release|Any CPU
		{DE4BB3D7-5FF1-49B1-96BB-0E17D7F1C21A}.Release|Any CPU.Build.0 = Release|Any CPU
	EndGlobalSection
	GlobalSection(SolutionProperties) = preSolution
		HideSolutionNode = FALSE
	EndGlobalSection
	GlobalSection(ExtensibilityGlobals) = postSolution
		SolutionGuid = {C2D5BC6F-1E4E-4595-A82F-9CD4FD559CD8}
	EndGlobalSection
EndGlobal
